Microsoft Visual Studio Solution File, Format Version 12.00
# Visual Studio Version 17
VisualStudioVersion = 17.5.2.0
MinimumVisualStudioVersion = 10.0.40219.1
Project("{FAE04EC0-301F-11D3-BF4B-00C04F79EFBC}") = "TelegramGmailBot", "TelegramGmailBot.csproj", "{0C58B810-0492-A75F-2388-788C178B05C8}"
EndProject
Project("{2150E333-8FDC-42A3-9474-1A3956D46DE8}") = "tests", "tests", "{0AB3BF05-4346-4AA6-1389-037BE0695223}"
EndProject
Project("{FAE04EC0-301F-11D3-BF4B-00C04F79EFBC}") = "TelegramGmailBot.Tests", "tests\TelegramGmailBot.Tests\TelegramGmailBot.Tests.csproj", "{3D0E31D1-21A4-510B-88CE-FA7B3B9DB5E9}"
EndProject
Global
	GlobalSection(SolutionConfigurationPlatforms) = preSolution
		Debug|Any CPU = Debug|Any CPU
		Release|Any CPU = Release|Any CPU
	EndGlobalSection
	GlobalSection(ProjectConfigurationPlatforms) = postSolution
		{0C58B810-0492-A75F-2388-788C178B05C8}.Debug|Any CPU.ActiveCfg = Debug|Any CPU
		{0C58B810-0492-A75F-2388-788C178B05C8}.Debug|Any CPU.Build.0 = Debug|Any CPU
		{0C58B810-0492-A75F-2388-788C178B05C8}.Release|Any CPU.ActiveCfg = Release|Any CPU
		{0C58B810-0492-A75F-2388-788C178B05C8}.Release|Any CPU.Build.0 = Release|Any CPU
		{3D0E31D1-21A4-510B-88CE-FA7B3B9DB5E9}.Debug|Any CPU.ActiveCfg = Debug|Any CPU
		{3D0E31D1-21A4-510B-88CE-FA7B3B9DB5E9}.Debug|Any CPU.Build.0 = Debug|Any CPU
		{3D0E31D1-21A4-510B-88CE-FA7B3B9DB5E9}.Release|Any CPU.ActiveCfg = Release|Any CPU
		{3D0E31D1-21A4-510B-88CE-FA7B3B9DB5E9}.Release|Any CPU.Build.0 = Release|Any CPU
	EndGlobalSection
	GlobalSection(SolutionProperties) = preSolution
		HideSolutionNode = FALSE
	EndGlobalSection
	GlobalSection(NestedProjects) = preSolution
		{3D0E31D1-21A4-510B-88CE-FA7B3B9DB5E9} = {0AB3BF05-4346-4AA6-1389-037BE0695223}
	EndGlobalSection
	GlobalSection(ExtensibilityGlobals) = postSolution
		SolutionGuid = {9566DD98-219D-4958-9A8D-C43F8889C0EF}
	EndGlobalSection
EndGlobal
